
Microsoft Visual Studio Solution File, Format Version 12.00
# Visual Studio 2013
VisualStudioVersion = 12.0.30324.0
MinimumVisualStudioVersion = 10.0.40219.1
Project("{D954291E-2A0B-460D-934E-DC6B0785DB48}") = "MobileExample.Shared", "MobileExample.Shared\MobileExample.Shared.shproj", "{F4239965-2F19-4DB6-8291-75E508560E1B}"
EndProject
Project("{FAE04EC0-301F-11D3-BF4B-00C04F79EFBC}") = "MobileExample.Windows", "MobileExample.Windows\MobileExample.Windows.csproj", "{CF0AC222-FC03-415E-B956-FD3B78B2533A}"
EndProject
Project("{FAE04EC0-301F-11D3-BF4B-00C04F79EFBC}") = "MobileExample.WindowsPhone", "MobileExample.WindowsPhone\MobileExample.WindowsPhone.csproj", "{63CD335E-1E80-4F02-894F-089CADDB7655}"
EndProject
Project("{2150E333-8FDC-42A3-9474-1A3956D46DE8}") = "src", "src", "{3DC67586-6DBF-48C6-90E8-2EF0EE6140CB}"
EndProject
Project("{2150E333-8FDC-42A3-9474-1A3956D46DE8}") = "doc", "doc", "{1921F5FD-1BBE-40D4-B0E2-97F5915F9C27}"
EndProject
Project("{2150E333-8FDC-42A3-9474-1A3956D46DE8}") = "lib", "lib", "{3EC0651A-715E-4750-AD9D-7BE05900B29C}"
	ProjectSection(SolutionItems) = preProject
		..\lib\repositories.config = ..\lib\repositories.config
		..\lib\RestorePackages.bat = ..\lib\RestorePackages.bat
	EndProjectSection
EndProject
Project("{2150E333-8FDC-42A3-9474-1A3956D46DE8}") = "design", "design", "{A1290F9C-B028-410D-86A4-111893B8406D}"
EndProject
Project("{2150E333-8FDC-42A3-9474-1A3956D46DE8}") = "tools", "tools", "{BF93F65E-EAA9-46F7-A97D-EA739F8B63C9}"
EndProject
Project("{2150E333-8FDC-42A3-9474-1A3956D46DE8}") = "NuGet", "NuGet", "{C59961FE-7B99-40D4-8748-9EBF6CCC36CA}"
	ProjectSection(SolutionItems) = preProject
		..\tools\NuGet\NuGet.exe = ..\tools\NuGet\NuGet.exe
	EndProjectSection
EndProject
Project("{2150E333-8FDC-42A3-9474-1A3956D46DE8}") = "misc", "misc", "{731D81AB-68C1-4475-AA9E-37FC767D1A82}"
	ProjectSection(SolutionItems) = preProject
		MobileExample.FxCop = MobileExample.FxCop
		MobileExample.sln.DotSettings = MobileExample.sln.DotSettings
		nuget.config = nuget.config
		Settings.StyleCop = Settings.StyleCop
		SolutionAssemblyInfo.cs = SolutionAssemblyInfo.cs
	EndProjectSection
EndProject
Project("{FAE04EC0-301F-11D3-BF4B-00C04F79EFBC}") = "MobileExample.Android", "MobileExample.Android\MobileExample.Android.csproj", "{805F490A-CAE6-45B2-827F-D8AD0F143358}"
EndProject
Project("{FAE04EC0-301F-11D3-BF4B-00C04F79EFBC}") = "MobileExample.iOS", "MobileExample.iOS\MobileExample.iOS.csproj", "{91C69A05-B107-4AA8-A6B4-138720D831B6}"
EndProject
Global
	GlobalSection(SharedMSBuildProjectFiles) = preSolution
		MobileExample.Shared\MobileExample.Shared.projitems*{805f490a-cae6-45b2-827f-d8ad0f143358}*SharedItemsImports = 4
		MobileExample.Shared\MobileExample.Shared.projitems*{f4239965-2f19-4db6-8291-75e508560e1b}*SharedItemsImports = 13
		MobileExample.Shared\MobileExample.Shared.projitems*{cf0ac222-fc03-415e-b956-fd3b78b2533a}*SharedItemsImports = 4
		MobileExample.Shared\MobileExample.Shared.projitems*{91c69a05-b107-4aa8-a6b4-138720d831b6}*SharedItemsImports = 4
		MobileExample.Shared\MobileExample.Shared.projitems*{63cd335e-1e80-4f02-894f-089caddb7655}*SharedItemsImports = 4
	EndGlobalSection
	GlobalSection(SolutionConfigurationPlatforms) = preSolution
		Ad-Hoc|Any CPU = Ad-Hoc|Any CPU
		Ad-Hoc|ARM = Ad-Hoc|ARM
		Ad-Hoc|iPhone = Ad-Hoc|iPhone
		Ad-Hoc|iPhoneSimulator = Ad-Hoc|iPhoneSimulator
		Ad-Hoc|Mixed Platforms = Ad-Hoc|Mixed Platforms
		Ad-Hoc|x64 = Ad-Hoc|x64
		Ad-Hoc|x86 = Ad-Hoc|x86
		AppStore|Any CPU = AppStore|Any CPU
		AppStore|ARM = AppStore|ARM
		AppStore|iPhone = AppStore|iPhone
		AppStore|iPhoneSimulator = AppStore|iPhoneSimulator
		AppStore|Mixed Platforms = AppStore|Mixed Platforms
		AppStore|x64 = AppStore|x64
		AppStore|x86 = AppStore|x86
		Debug|Any CPU = Debug|Any CPU
		Debug|ARM = Debug|ARM
		Debug|iPhone = Debug|iPhone
		Debug|iPhoneSimulator = Debug|iPhoneSimulator
		Debug|Mixed Platforms = Debug|Mixed Platforms
		Debug|x64 = Debug|x64
		Debug|x86 = Debug|x86
		Release|Any CPU = Release|Any CPU
		Release|ARM = Release|ARM
		Release|iPhone = Release|iPhone
		Release|iPhoneSimulator = Release|iPhoneSimulator
		Release|Mixed Platforms = Release|Mixed Platforms
		Release|x64 = Release|x64
		Release|x86 = Release|x86
	EndGlobalSection
	GlobalSection(ProjectConfigurationPlatforms) = postSolution
		{CF0AC222-FC03-415E-B956-FD3B78B2533A}.Ad-Hoc|Any CPU.ActiveCfg = Release|Any CPU
		{CF0AC222-FC03-415E-B956-FD3B78B2533A}.Ad-Hoc|Any CPU.Build.0 = Release|Any CPU
		{CF0AC222-FC03-415E-B956-FD3B78B2533A}.Ad-Hoc|Any CPU.Deploy.0 = Release|Any CPU
		{CF0AC222-FC03-415E-B956-FD3B78B2533A}.Ad-Hoc|ARM.ActiveCfg = Release|ARM
		{CF0AC222-FC03-415E-B956-FD3B78B2533A}.Ad-Hoc|ARM.Build.0 = Release|ARM
		{CF0AC222-FC03-415E-B956-FD3B78B2533A}.Ad-Hoc|ARM.Deploy.0 = Release|ARM
		{CF0AC222-FC03-415E-B956-FD3B78B2533A}.Ad-Hoc|iPhone.ActiveCfg = Release|Any CPU
		{CF0AC222-FC03-415E-B956-FD3B78B2533A}.Ad-Hoc|iPhoneSimulator.ActiveCfg = Release|Any CPU
		{CF0AC222-FC03-415E-B956-FD3B78B2533A}.Ad-Hoc|Mixed Platforms.ActiveCfg = Release|x86
		{CF0AC222-FC03-415E-B956-FD3B78B2533A}.Ad-Hoc|Mixed Platforms.Build.0 = Release|x86
		{CF0AC222-FC03-415E-B956-FD3B78B2533A}.Ad-Hoc|Mixed Platforms.Deploy.0 = Release|x86
		{CF0AC222-FC03-415E-B956-FD3B78B2533A}.Ad-Hoc|x64.ActiveCfg = Release|x64
		{CF0AC222-FC03-415E-B956-FD3B78B2533A}.Ad-Hoc|x64.Build.0 = Release|x64
		{CF0AC222-FC03-415E-B956-FD3B78B2533A}.Ad-Hoc|x64.Deploy.0 = Release|x64
		{CF0AC222-FC03-415E-B956-FD3B78B2533A}.Ad-Hoc|x86.ActiveCfg = Release|x86
		{CF0AC222-FC03-415E-B956-FD3B78B2533A}.Ad-Hoc|x86.Build.0 = Release|x86
		{CF0AC222-FC03-415E-B956-FD3B78B2533A}.Ad-Hoc|x86.Deploy.0 = Release|x86
		{CF0AC222-FC03-415E-B956-FD3B78B2533A}.AppStore|Any CPU.ActiveCfg = Release|Any CPU
		{CF0AC222-FC03-415E-B956-FD3B78B2533A}.AppStore|Any CPU.Build.0 = Release|Any CPU
		{CF0AC222-FC03-415E-B956-FD3B78B2533A}.AppStore|Any CPU.Deploy.0 = Release|Any CPU
		{CF0AC222-FC03-415E-B956-FD3B78B2533A}.AppStore|ARM.ActiveCfg = Release|ARM
		{CF0AC222-FC03-415E-B956-FD3B78B2533A}.AppStore|ARM.Build.0 = Release|ARM
		{CF0AC222-FC03-415E-B956-FD3B78B2533A}.AppStore|ARM.Deploy.0 = Release|ARM
		{CF0AC222-FC03-415E-B956-FD3B78B2533A}.AppStore|iPhone.ActiveCfg = Release|Any CPU
		{CF0AC222-FC03-415E-B956-FD3B78B2533A}.AppStore|iPhoneSimulator.ActiveCfg = Release|Any CPU
		{CF0AC222-FC03-415E-B956-FD3B78B2533A}.AppStore|Mixed Platforms.ActiveCfg = Release|x86
		{CF0AC222-FC03-415E-B956-FD3B78B2533A}.AppStore|Mixed Platforms.Build.0 = Release|x86
		{CF0AC222-FC03-415E-B956-FD3B78B2533A}.AppStore|Mixed Platforms.Deploy.0 = Release|x86
		{CF0AC222-FC03-415E-B956-FD3B78B2533A}.AppStore|x64.ActiveCfg = Release|x64
		{CF0AC222-FC03-415E-B956-FD3B78B2533A}.AppStore|x64.Build.0 = Release|x64
		{CF0AC222-FC03-415E-B956-FD3B78B2533A}.AppStore|x64.Deploy.0 = Release|x64
		{CF0AC222-FC03-415E-B956-FD3B78B2533A}.AppStore|x86.ActiveCfg = Release|x86
		{CF0AC222-FC03-415E-B956-FD3B78B2533A}.AppStore|x86.Build.0 = Release|x86
		{CF0AC222-FC03-415E-B956-FD3B78B2533A}.AppStore|x86.Deploy.0 = Release|x86
		{CF0AC222-FC03-415E-B956-FD3B78B2533A}.Debug|Any CPU.ActiveCfg = Debug|Any CPU
		{CF0AC222-FC03-415E-B956-FD3B78B2533A}.Debug|Any CPU.Build.0 = Debug|Any CPU
		{CF0AC222-FC03-415E-B956-FD3B78B2533A}.Debug|Any CPU.Deploy.0 = Debug|Any CPU
		{CF0AC222-FC03-415E-B956-FD3B78B2533A}.Debug|ARM.ActiveCfg = Debug|ARM
		{CF0AC222-FC03-415E-B956-FD3B78B2533A}.Debug|ARM.Build.0 = Debug|ARM
		{CF0AC222-FC03-415E-B956-FD3B78B2533A}.Debug|ARM.Deploy.0 = Debug|ARM
		{CF0AC222-FC03-415E-B956-FD3B78B2533A}.Debug|iPhone.ActiveCfg = Debug|Any CPU
		{CF0AC222-FC03-415E-B956-FD3B78B2533A}.Debug|iPhoneSimulator.ActiveCfg = Debug|Any CPU
		{CF0AC222-FC03-415E-B956-FD3B78B2533A}.Debug|Mixed Platforms.ActiveCfg = Debug|x86
		{CF0AC222-FC03-415E-B956-FD3B78B2533A}.Debug|Mixed Platforms.Build.0 = Debug|x86
		{CF0AC222-FC03-415E-B956-FD3B78B2533A}.Debug|Mixed Platforms.Deploy.0 = Debug|x86
		{CF0AC222-FC03-415E-B956-FD3B78B2533A}.Debug|x64.ActiveCfg = Debug|x64
		{CF0AC222-FC03-415E-B956-FD3B78B2533A}.Debug|x64.Build.0 = Debug|x64
		{CF0AC222-FC03-415E-B956-FD3B78B2533A}.Debug|x64.Deploy.0 = Debug|x64
		{CF0AC222-FC03-415E-B956-FD3B78B2533A}.Debug|x86.ActiveCfg = Debug|x86
		{CF0AC222-FC03-415E-B956-FD3B78B2533A}.Debug|x86.Build.0 = Debug|x86
		{CF0AC222-FC03-415E-B956-FD3B78B2533A}.Debug|x86.Deploy.0 = Debug|x86
		{CF0AC222-FC03-415E-B956-FD3B78B2533A}.Release|Any CPU.ActiveCfg = Release|Any CPU
		{CF0AC222-FC03-415E-B956-FD3B78B2533A}.Release|Any CPU.Build.0 = Release|Any CPU
		{CF0AC222-FC03-415E-B956-FD3B78B2533A}.Release|Any CPU.Deploy.0 = Release|Any CPU
		{CF0AC222-FC03-415E-B956-FD3B78B2533A}.Release|ARM.ActiveCfg = Release|ARM
		{CF0AC222-FC03-415E-B956-FD3B78B2533A}.Release|ARM.Build.0 = Release|ARM
		{CF0AC222-FC03-415E-B956-FD3B78B2533A}.Release|ARM.Deploy.0 = Release|ARM
		{CF0AC222-FC03-415E-B956-FD3B78B2533A}.Release|iPhone.ActiveCfg = Release|Any CPU
		{CF0AC222-FC03-415E-B956-FD3B78B2533A}.Release|iPhoneSimulator.ActiveCfg = Release|Any CPU
		{CF0AC222-FC03-415E-B956-FD3B78B2533A}.Release|Mixed Platforms.ActiveCfg = Release|x86
		{CF0AC222-FC03-415E-B956-FD3B78B2533A}.Release|Mixed Platforms.Build.0 = Release|x86
		{CF0AC222-FC03-415E-B956-FD3B78B2533A}.Release|Mixed Platforms.Deploy.0 = Release|x86
		{CF0AC222-FC03-415E-B956-FD3B78B2533A}.Release|x64.ActiveCfg = Release|x64
		{CF0AC222-FC03-415E-B956-FD3B78B2533A}.Release|x64.Build.0 = Release|x64
		{CF0AC222-FC03-415E-B956-FD3B78B2533A}.Release|x64.Deploy.0 = Release|x64
		{CF0AC222-FC03-415E-B956-FD3B78B2533A}.Release|x86.ActiveCfg = Release|x86
		{CF0AC222-FC03-415E-B956-FD3B78B2533A}.Release|x86.Build.0 = Release|x86
		{CF0AC222-FC03-415E-B956-FD3B78B2533A}.Release|x86.Deploy.0 = Release|x86
		{63CD335E-1E80-4F02-894F-089CADDB7655}.Ad-Hoc|Any CPU.ActiveCfg = Release|Any CPU
		{63CD335E-1E80-4F02-894F-089CADDB7655}.Ad-Hoc|Any CPU.Build.0 = Release|Any CPU
		{63CD335E-1E80-4F02-894F-089CADDB7655}.Ad-Hoc|Any CPU.Deploy.0 = Release|Any CPU
		{63CD335E-1E80-4F02-894F-089CADDB7655}.Ad-Hoc|ARM.ActiveCfg = Release|ARM
		{63CD335E-1E80-4F02-894F-089CADDB7655}.Ad-Hoc|ARM.Build.0 = Release|ARM
		{63CD335E-1E80-4F02-894F-089CADDB7655}.Ad-Hoc|ARM.Deploy.0 = Release|ARM
		{63CD335E-1E80-4F02-894F-089CADDB7655}.Ad-Hoc|iPhone.ActiveCfg = Release|Any CPU
		{63CD335E-1E80-4F02-894F-089CADDB7655}.Ad-Hoc|iPhoneSimulator.ActiveCfg = Release|Any CPU
		{63CD335E-1E80-4F02-894F-089CADDB7655}.Ad-Hoc|Mixed Platforms.ActiveCfg = Release|x86
		{63CD335E-1E80-4F02-894F-089CADDB7655}.Ad-Hoc|Mixed Platforms.Build.0 = Release|x86
		{63CD335E-1E80-4F02-894F-089CADDB7655}.Ad-Hoc|Mixed Platforms.Deploy.0 = Release|x86
		{63CD335E-1E80-4F02-894F-089CADDB7655}.Ad-Hoc|x64.ActiveCfg = Release|Any CPU
		{63CD335E-1E80-4F02-894F-089CADDB7655}.Ad-Hoc|x86.ActiveCfg = Release|x86
		{63CD335E-1E80-4F02-894F-089CADDB7655}.Ad-Hoc|x86.Build.0 = Release|x86
		{63CD335E-1E80-4F02-894F-089CADDB7655}.Ad-Hoc|x86.Deploy.0 = Release|x86
		{63CD335E-1E80-4F02-894F-089CADDB7655}.AppStore|Any CPU.ActiveCfg = Release|Any CPU
		{63CD335E-1E80-4F02-894F-089CADDB7655}.AppStore|Any CPU.Build.0 = Release|Any CPU
		{63CD335E-1E80-4F02-894F-089CADDB7655}.AppStore|Any CPU.Deploy.0 = Release|Any CPU
		{63CD335E-1E80-4F02-894F-089CADDB7655}.AppStore|ARM.ActiveCfg = Release|ARM
		{63CD335E-1E80-4F02-894F-089CADDB7655}.AppStore|ARM.Build.0 = Release|ARM
		{63CD335E-1E80-4F02-894F-089CADDB7655}.AppStore|ARM.Deploy.0 = Release|ARM
		{63CD335E-1E80-4F02-894F-089CADDB7655}.AppStore|iPhone.ActiveCfg = Release|Any CPU
		{63CD335E-1E80-4F02-894F-089CADDB7655}.AppStore|iPhoneSimulator.ActiveCfg = Release|Any CPU
		{63CD335E-1E80-4F02-894F-089CADDB7655}.AppStore|Mixed Platforms.ActiveCfg = Release|x86
		{63CD335E-1E80-4F02-894F-089CADDB7655}.AppStore|Mixed Platforms.Build.0 = Release|x86
		{63CD335E-1E80-4F02-894F-089CADDB7655}.AppStore|Mixed Platforms.Deploy.0 = Release|x86
		{63CD335E-1E80-4F02-894F-089CADDB7655}.AppStore|x64.ActiveCfg = Release|Any CPU
		{63CD335E-1E80-4F02-894F-089CADDB7655}.AppStore|x86.ActiveCfg = Release|x86
		{63CD335E-1E80-4F02-894F-089CADDB7655}.AppStore|x86.Build.0 = Release|x86
		{63CD335E-1E80-4F02-894F-089CADDB7655}.AppStore|x86.Deploy.0 = Release|x86
		{63CD335E-1E80-4F02-894F-089CADDB7655}.Debug|Any CPU.ActiveCfg = Debug|Any CPU
		{63CD335E-1E80-4F02-894F-089CADDB7655}.Debug|Any CPU.Build.0 = Debug|Any CPU
		{63CD335E-1E80-4F02-894F-089CADDB7655}.Debug|Any CPU.Deploy.0 = Debug|Any CPU
		{63CD335E-1E80-4F02-894F-089CADDB7655}.Debug|ARM.ActiveCfg = Debug|ARM
		{63CD335E-1E80-4F02-894F-089CADDB7655}.Debug|ARM.Build.0 = Debug|ARM
		{63CD335E-1E80-4F02-894F-089CADDB7655}.Debug|ARM.Deploy.0 = Debug|ARM
		{63CD335E-1E80-4F02-894F-089CADDB7655}.Debug|iPhone.ActiveCfg = Debug|Any CPU
		{63CD335E-1E80-4F02-894F-089CADDB7655}.Debug|iPhoneSimulator.ActiveCfg = Debug|Any CPU
		{63CD335E-1E80-4F02-894F-089CADDB7655}.Debug|Mixed Platforms.ActiveCfg = Debug|x86
		{63CD335E-1E80-4F02-894F-089CADDB7655}.Debug|Mixed Platforms.Build.0 = Debug|x86
		{63CD335E-1E80-4F02-894F-089CADDB7655}.Debug|Mixed Platforms.Deploy.0 = Debug|x86
		{63CD335E-1E80-4F02-894F-089CADDB7655}.Debug|x64.ActiveCfg = Debug|Any CPU
		{63CD335E-1E80-4F02-894F-089CADDB7655}.Debug|x86.ActiveCfg = Debug|x86
		{63CD335E-1E80-4F02-894F-089CADDB7655}.Debug|x86.Build.0 = Debug|x86
		{63CD335E-1E80-4F02-894F-089CADDB7655}.Debug|x86.Deploy.0 = Debug|x86
		{63CD335E-1E80-4F02-894F-089CADDB7655}.Release|Any CPU.ActiveCfg = Release|Any CPU
		{63CD335E-1E80-4F02-894F-089CADDB7655}.Release|Any CPU.Build.0 = Release|Any CPU
		{63CD335E-1E80-4F02-894F-089CADDB7655}.Release|Any CPU.Deploy.0 = Release|Any CPU
		{63CD335E-1E80-4F02-894F-089CADDB7655}.Release|ARM.ActiveCfg = Release|ARM
		{63CD335E-1E80-4F02-894F-089CADDB7655}.Release|ARM.Build.0 = Release|ARM
		{63CD335E-1E80-4F02-894F-089CADDB7655}.Release|ARM.Deploy.0 = Release|ARM
		{63CD335E-1E80-4F02-894F-089CADDB7655}.Release|iPhone.ActiveCfg = Release|Any CPU
		{63CD335E-1E80-4F02-894F-089CADDB7655}.Release|iPhoneSimulator.ActiveCfg = Release|Any CPU
		{63CD335E-1E80-4F02-894F-089CADDB7655}.Release|Mixed Platforms.ActiveCfg = Release|x86
		{63CD335E-1E80-4F02-894F-089CADDB7655}.Release|Mixed Platforms.Build.0 = Release|x86
		{63CD335E-1E80-4F02-894F-089CADDB7655}.Release|Mixed Platforms.Deploy.0 = Release|x86
		{63CD335E-1E80-4F02-894F-089CADDB7655}.Release|x64.ActiveCfg = Release|Any CPU
		{63CD335E-1E80-4F02-894F-089CADDB7655}.Release|x86.ActiveCfg = Release|x86
		{63CD335E-1E80-4F02-894F-089CADDB7655}.Release|x86.Build.0 = Release|x86
		{63CD335E-1E80-4F02-894F-089CADDB7655}.Release|x86.Deploy.0 = Release|x86
		{805F490A-CAE6-45B2-827F-D8AD0F143358}.Ad-Hoc|Any CPU.ActiveCfg = Release|Any CPU
		{805F490A-CAE6-45B2-827F-D8AD0F143358}.Ad-Hoc|Any CPU.Build.0 = Release|Any CPU
		{805F490A-CAE6-45B2-827F-D8AD0F143358}.Ad-Hoc|Any CPU.Deploy.0 = Release|Any CPU
		{805F490A-CAE6-45B2-827F-D8AD0F143358}.Ad-Hoc|ARM.ActiveCfg = Release|Any CPU
		{805F490A-CAE6-45B2-827F-D8AD0F143358}.Ad-Hoc|iPhone.ActiveCfg = Release|Any CPU
		{805F490A-CAE6-45B2-827F-D8AD0F143358}.Ad-Hoc|iPhoneSimulator.ActiveCfg = Release|Any CPU
		{805F490A-CAE6-45B2-827F-D8AD0F143358}.Ad-Hoc|Mixed Platforms.ActiveCfg = Release|Any CPU
		{805F490A-CAE6-45B2-827F-D8AD0F143358}.Ad-Hoc|Mixed Platforms.Build.0 = Release|Any CPU
		{805F490A-CAE6-45B2-827F-D8AD0F143358}.Ad-Hoc|Mixed Platforms.Deploy.0 = Release|Any CPU
		{805F490A-CAE6-45B2-827F-D8AD0F143358}.Ad-Hoc|x64.ActiveCfg = Release|Any CPU
		{805F490A-CAE6-45B2-827F-D8AD0F143358}.Ad-Hoc|x86.ActiveCfg = Release|Any CPU
		{805F490A-CAE6-45B2-827F-D8AD0F143358}.AppStore|Any CPU.ActiveCfg = Release|Any CPU
		{805F490A-CAE6-45B2-827F-D8AD0F143358}.AppStore|Any CPU.Build.0 = Release|Any CPU
		{805F490A-CAE6-45B2-827F-D8AD0F143358}.AppStore|Any CPU.Deploy.0 = Release|Any CPU
		{805F490A-CAE6-45B2-827F-D8AD0F143358}.AppStore|ARM.ActiveCfg = Release|Any CPU
		{805F490A-CAE6-45B2-827F-D8AD0F143358}.AppStore|iPhone.ActiveCfg = Release|Any CPU
		{805F490A-CAE6-45B2-827F-D8AD0F143358}.AppStore|iPhoneSimulator.ActiveCfg = Release|Any CPU
		{805F490A-CAE6-45B2-827F-D8AD0F143358}.AppStore|Mixed Platforms.ActiveCfg = Release|Any CPU
		{805F490A-CAE6-45B2-827F-D8AD0F143358}.AppStore|Mixed Platforms.Build.0 = Release|Any CPU
		{805F490A-CAE6-45B2-827F-D8AD0F143358}.AppStore|Mixed Platforms.Deploy.0 = Release|Any CPU
		{805F490A-CAE6-45B2-827F-D8AD0F143358}.AppStore|x64.ActiveCfg = Release|Any CPU
		{805F490A-CAE6-45B2-827F-D8AD0F143358}.AppStore|x86.ActiveCfg = Release|Any CPU
		{805F490A-CAE6-45B2-827F-D8AD0F143358}.Debug|Any CPU.ActiveCfg = Debug|Any CPU
		{805F490A-CAE6-45B2-827F-D8AD0F143358}.Debug|Any CPU.Build.0 = Debug|Any CPU
		{805F490A-CAE6-45B2-827F-D8AD0F143358}.Debug|Any CPU.Deploy.0 = Debug|Any CPU
		{805F490A-CAE6-45B2-827F-D8AD0F143358}.Debug|ARM.ActiveCfg = Debug|Any CPU
		{805F490A-CAE6-45B2-827F-D8AD0F143358}.Debug|iPhone.ActiveCfg = Debug|Any CPU
		{805F490A-CAE6-45B2-827F-D8AD0F143358}.Debug|iPhoneSimulator.ActiveCfg = Debug|Any CPU
		{805F490A-CAE6-45B2-827F-D8AD0F143358}.Debug|Mixed Platforms.ActiveCfg = Debug|Any CPU
		{805F490A-CAE6-45B2-827F-D8AD0F143358}.Debug|Mixed Platforms.Build.0 = Debug|Any CPU
		{805F490A-CAE6-45B2-827F-D8AD0F143358}.Debug|Mixed Platforms.Deploy.0 = Debug|Any CPU
		{805F490A-CAE6-45B2-827F-D8AD0F143358}.Debug|x64.ActiveCfg = Debug|Any CPU
		{805F490A-CAE6-45B2-827F-D8AD0F143358}.Debug|x86.ActiveCfg = Debug|Any CPU
		{805F490A-CAE6-45B2-827F-D8AD0F143358}.Release|Any CPU.ActiveCfg = Release|Any CPU
		{805F490A-CAE6-45B2-827F-D8AD0F143358}.Release|Any CPU.Build.0 = Release|Any CPU
		{805F490A-CAE6-45B2-827F-D8AD0F143358}.Release|Any CPU.Deploy.0 = Release|Any CPU
		{805F490A-CAE6-45B2-827F-D8AD0F143358}.Release|ARM.ActiveCfg = Release|Any CPU
		{805F490A-CAE6-45B2-827F-D8AD0F143358}.Release|iPhone.ActiveCfg = Release|Any CPU
		{805F490A-CAE6-45B2-827F-D8AD0F143358}.Release|iPhoneSimulator.ActiveCfg = Release|Any CPU
		{805F490A-CAE6-45B2-827F-D8AD0F143358}.Release|Mixed Platforms.ActiveCfg = Release|Any CPU
		{805F490A-CAE6-45B2-827F-D8AD0F143358}.Release|Mixed Platforms.Build.0 = Release|Any CPU
		{805F490A-CAE6-45B2-827F-D8AD0F143358}.Release|Mixed Platforms.Deploy.0 = Release|Any CPU
		{805F490A-CAE6-45B2-827F-D8AD0F143358}.Release|x64.ActiveCfg = Release|Any CPU
		{805F490A-CAE6-45B2-827F-D8AD0F143358}.Release|x86.ActiveCfg = Release|Any CPU
		{91C69A05-B107-4AA8-A6B4-138720D831B6}.Ad-Hoc|Any CPU.ActiveCfg = Ad-Hoc|iPhone
		{91C69A05-B107-4AA8-A6B4-138720D831B6}.Ad-Hoc|ARM.ActiveCfg = Ad-Hoc|iPhone
		{91C69A05-B107-4AA8-A6B4-138720D831B6}.Ad-Hoc|iPhone.ActiveCfg = Ad-Hoc|iPhone
		{91C69A05-B107-4AA8-A6B4-138720D831B6}.Ad-Hoc|iPhone.Build.0 = Ad-Hoc|iPhone
		{91C69A05-B107-4AA8-A6B4-138720D831B6}.Ad-Hoc|iPhone.Deploy.0 = Ad-Hoc|iPhone
		{91C69A05-B107-4AA8-A6B4-138720D831B6}.Ad-Hoc|iPhoneSimulator.ActiveCfg = Ad-Hoc|iPhoneSimulator
		{91C69A05-B107-4AA8-A6B4-138720D831B6}.Ad-Hoc|iPhoneSimulator.Build.0 = Ad-Hoc|iPhoneSimulator
		{91C69A05-B107-4AA8-A6B4-138720D831B6}.Ad-Hoc|iPhoneSimulator.Deploy.0 = Ad-Hoc|iPhoneSimulator
		{91C69A05-B107-4AA8-A6B4-138720D831B6}.Ad-Hoc|Mixed Platforms.ActiveCfg = Ad-Hoc|iPhone
		{91C69A05-B107-4AA8-A6B4-138720D831B6}.Ad-Hoc|Mixed Platforms.Build.0 = Ad-Hoc|iPhone
		{91C69A05-B107-4AA8-A6B4-138720D831B6}.Ad-Hoc|Mixed Platforms.Deploy.0 = Ad-Hoc|iPhone
		{91C69A05-B107-4AA8-A6B4-138720D831B6}.Ad-Hoc|x64.ActiveCfg = Ad-Hoc|iPhone
		{91C69A05-B107-4AA8-A6B4-138720D831B6}.Ad-Hoc|x86.ActiveCfg = Ad-Hoc|iPhone
		{91C69A05-B107-4AA8-A6B4-138720D831B6}.AppStore|Any CPU.ActiveCfg = AppStore|iPhone
		{91C69A05-B107-4AA8-A6B4-138720D831B6}.AppStore|ARM.ActiveCfg = AppStore|iPhone
		{91C69A05-B107-4AA8-A6B4-138720D831B6}.AppStore|iPhone.ActiveCfg = AppStore|iPhone
		{91C69A05-B107-4AA8-A6B4-138720D831B6}.AppStore|iPhone.Build.0 = AppStore|iPhone
		{91C69A05-B107-4AA8-A6B4-138720D831B6}.AppStore|iPhone.Deploy.0 = AppStore|iPhone
		{91C69A05-B107-4AA8-A6B4-138720D831B6}.AppStore|iPhoneSimulator.ActiveCfg = AppStore|iPhoneSimulator
		{91C69A05-B107-4AA8-A6B4-138720D831B6}.AppStore|iPhoneSimulator.Build.0 = AppStore|iPhoneSimulator
		{91C69A05-B107-4AA8-A6B4-138720D831B6}.AppStore|iPhoneSimulator.Deploy.0 = AppStore|iPhoneSimulator
		{91C69A05-B107-4AA8-A6B4-138720D831B6}.AppStore|Mixed Platforms.ActiveCfg = AppStore|iPhone
		{91C69A05-B107-4AA8-A6B4-138720D831B6}.AppStore|Mixed Platforms.Build.0 = AppStore|iPhone
		{91C69A05-B107-4AA8-A6B4-138720D831B6}.AppStore|Mixed Platforms.Deploy.0 = AppStore|iPhone
		{91C69A05-B107-4AA8-A6B4-138720D831B6}.AppStore|x64.ActiveCfg = AppStore|iPhone
		{91C69A05-B107-4AA8-A6B4-138720D831B6}.AppStore|x86.ActiveCfg = AppStore|iPhone
		{91C69A05-B107-4AA8-A6B4-138720D831B6}.Debug|Any CPU.ActiveCfg = Debug|iPhone
		{91C69A05-B107-4AA8-A6B4-138720D831B6}.Debug|ARM.ActiveCfg = Debug|iPhone
		{91C69A05-B107-4AA8-A6B4-138720D831B6}.Debug|iPhone.ActiveCfg = Debug|iPhone
		{91C69A05-B107-4AA8-A6B4-138720D831B6}.Debug|iPhone.Build.0 = Debug|iPhone
		{91C69A05-B107-4AA8-A6B4-138720D831B6}.Debug|iPhone.Deploy.0 = Debug|iPhone
		{91C69A05-B107-4AA8-A6B4-138720D831B6}.Debug|iPhoneSimulator.ActiveCfg = Debug|iPhoneSimulator
		{91C69A05-B107-4AA8-A6B4-138720D831B6}.Debug|iPhoneSimulator.Build.0 = Debug|iPhoneSimulator
		{91C69A05-B107-4AA8-A6B4-138720D831B6}.Debug|iPhoneSimulator.Deploy.0 = Debug|iPhoneSimulator
		{91C69A05-B107-4AA8-A6B4-138720D831B6}.Debug|Mixed Platforms.ActiveCfg = Debug|iPhone
		{91C69A05-B107-4AA8-A6B4-138720D831B6}.Debug|Mixed Platforms.Build.0 = Debug|iPhone
		{91C69A05-B107-4AA8-A6B4-138720D831B6}.Debug|Mixed Platforms.Deploy.0 = Debug|iPhone
		{91C69A05-B107-4AA8-A6B4-138720D831B6}.Debug|x64.ActiveCfg = Debug|iPhone
		{91C69A05-B107-4AA8-A6B4-138720D831B6}.Debug|x86.ActiveCfg = Debug|iPhone
		{91C69A05-B107-4AA8-A6B4-138720D831B6}.Release|Any CPU.ActiveCfg = Release|iPhone
		{91C69A05-B107-4AA8-A6B4-138720D831B6}.Release|ARM.ActiveCfg = Release|iPhone
		{91C69A05-B107-4AA8-A6B4-138720D831B6}.Release|iPhone.ActiveCfg = Release|iPhone
		{91C69A05-B107-4AA8-A6B4-138720D831B6}.Release|iPhone.Build.0 = Release|iPhone
		{91C69A05-B107-4AA8-A6B4-138720D831B6}.Release|iPhone.Deploy.0 = Release|iPhone
		{91C69A05-B107-4AA8-A6B4-138720D831B6}.Release|iPhoneSimulator.ActiveCfg = Release|iPhoneSimulator
		{91C69A05-B107-4AA8-A6B4-138720D831B6}.Release|iPhoneSimulator.Build.0 = Release|iPhoneSimulator
		{91C69A05-B107-4AA8-A6B4-138720D831B6}.Release|iPhoneSimulator.Deploy.0 = Release|iPhoneSimulator
		{91C69A05-B107-4AA8-A6B4-138720D831B6}.Release|Mixed Platforms.ActiveCfg = Release|iPhone
		{91C69A05-B107-4AA8-A6B4-138720D831B6}.Release|Mixed Platforms.Build.0 = Release|iPhone
		{91C69A05-B107-4AA8-A6B4-138720D831B6}.Release|Mixed Platforms.Deploy.0 = Release|iPhone
		{91C69A05-B107-4AA8-A6B4-138720D831B6}.Release|x64.ActiveCfg = Release|iPhone
		{91C69A05-B107-4AA8-A6B4-138720D831B6}.Release|x86.ActiveCfg = Release|iPhone
	EndGlobalSection
	GlobalSection(SolutionProperties) = preSolution
		HideSolutionNode = FALSE
	EndGlobalSection
	GlobalSection(NestedProjects) = preSolution
		{F4239965-2F19-4DB6-8291-75E508560E1B} = {3DC67586-6DBF-48C6-90E8-2EF0EE6140CB}
		{CF0AC222-FC03-415E-B956-FD3B78B2533A} = {3DC67586-6DBF-48C6-90E8-2EF0EE6140CB}
		{63CD335E-1E80-4F02-894F-089CADDB7655} = {3DC67586-6DBF-48C6-90E8-2EF0EE6140CB}
		{C59961FE-7B99-40D4-8748-9EBF6CCC36CA} = {BF93F65E-EAA9-46F7-A97D-EA739F8B63C9}
		{805F490A-CAE6-45B2-827F-D8AD0F143358} = {3DC67586-6DBF-48C6-90E8-2EF0EE6140CB}
		{91C69A05-B107-4AA8-A6B4-138720D831B6} = {3DC67586-6DBF-48C6-90E8-2EF0EE6140CB}
	EndGlobalSection
EndGlobal
